
Microsoft Visual Studio Solution File, Format Version 12.00
# Visual Studio Version 16
VisualStudioVersion = 16.0.32802.440
MinimumVisualStudioVersion = 10.0.40219.1
Project("{FAE04EC0-301F-11D3-BF4B-00C04F79EFBC}") = "MYWebApplication", "MYWebApplication\MYWebApplication.csproj", "{8972CBA1-0582-4786-BECE-F16253B2AA7A}"
EndProject
Global
	GlobalSection(SolutionConfigurationPlatforms) = preSolution
		Debug|Any CPU = Debug|Any CPU
		Release|Any CPU = Release|Any CPU
	EndGlobalSection
	GlobalSection(ProjectConfigurationPlatforms) = postSolution
		{8972CBA1-0582-4786-BECE-F16253B2AA7A}.Debug|Any CPU.ActiveCfg = Debug|Any CPU
		{8972CBA1-0582-4786-BECE-F16253B2AA7A}.Debug|Any CPU.Build.0 = Debug|Any CPU
		{8972CBA1-0582-4786-BECE-F16253B2AA7A}.Release|Any CPU.ActiveCfg = Release|Any CPU
		{8972CBA1-0582-4786-BECE-F16253B2AA7A}.Release|Any CPU.Build.0 = Release|Any CPU
	EndGlobalSection
	GlobalSection(SolutionProperties) = preSolution
		HideSolutionNode = FALSE
	EndGlobalSection
	GlobalSection(ExtensibilityGlobals) = postSolution
		SolutionGuid = {11F6DE7F-2AE7-4D91-B934-AEBAAD1B7DCC}
	EndGlobalSection
EndGlobal
